{
  "requires": true,
  "lockfileVersion": 1,
  "dependencies": {
    "react-seo-meta-tags": {
      "version": "1.2.1",
      "resolved": "https://registry.npmjs.org/react-seo-meta-tags/-/react-seo-meta-tags-1.2.1.tgz",
      "integrity": "sha512-U01mXi2MHEuYo0mLnYVCnKe/9xJSg7L5KX/d4MO8t+08CORCQZTqVVgE55oWRmt6FB0MhZEXkQrO2gio4MUXcw=="
    }
  }
}
